
Microsoft Visual Studio Solution File, Format Version 12.00
# Visual Studio Version 16
VisualStudioVersion = 16.0.29920.165
MinimumVisualStudioVersion = 10.0.40219.1
Project("{8BC9CEB8-8B4A-11D0-8D11-00A0C91BC942}") = "CPPSidecrollerProper", "CPPSidecrollerProper\CPPSidecrollerProper.vcxproj", "{C02127E3-707B-4BD0-B470-F3153F74193C}"
EndProject
Global
	GlobalSection(SolutionConfigurationPlatforms) = preSolution
		Debug|x64 = Debug|x64
		Debug|x86 = Debug|x86
		Release|x64 = Release|x64
		Release|x86 = Release|x86
	EndGlobalSection
	GlobalSection(ProjectConfigurationPlatforms) = postSolution
		{C02127E3-707B-4BD0-B470-F3153F74193C}.Debug|x64.ActiveCfg = Debug|x64
		{C02127E3-707B-4BD0-B470-F3153F74193C}.Debug|x64.Build.0 = Debug|x64
		{C02127E3-707B-4BD0-B470-F3153F74193C}.Debug|x86.ActiveCfg = Debug|Win32
		{C02127E3-707B-4BD0-B470-F3153F74193C}.Debug|x86.Build.0 = Debug|Win32
		{C02127E3-707B-4BD0-B470-F3153F74193C}.Release|x64.ActiveCfg = Release|x64
		{C02127E3-707B-4BD0-B470-F3153F74193C}.Release|x64.Build.0 = Release|x64
		{C02127E3-707B-4BD0-B470-F3153F74193C}.Release|x86.ActiveCfg = Release|Win32
		{C02127E3-707B-4BD0-B470-F3153F74193C}.Release|x86.Build.0 = Release|Win32
	EndGlobalSection
	GlobalSection(SolutionProperties) = preSolution
		HideSolutionNode = FALSE
	EndGlobalSection
	GlobalSection(ExtensibilityGlobals) = postSolution
		SolutionGuid = {49537961-5910-4869-80AF-45821BEEDDD5}
	EndGlobalSection
EndGlobal
